
Microsoft Visual Studio Solution File, Format Version 12.00
# Visual Studio 2012
Project("{D954291E-2A0B-460D-934E-DC6B0785DB48}") = "wBPM", "wBPM\wBPM.shproj", "{6946A075-70B1-4ECA-B9CA-8F840C86D149}"
EndProject
Project("{FAE04EC0-301F-11D3-BF4B-00C04F79EFBC}") = "wBPM.iOS", "iOS\wBPM.iOS.csproj", "{0F2904C0-53A9-46DC-A82E-845535A5EB57}"
EndProject
Project("{FAE04EC0-301F-11D3-BF4B-00C04F79EFBC}") = "wBPM.Droid", "Droid\wBPM.Droid.csproj", "{208EFEA9-CA34-4EC0-885E-B19CBEED2215}"
EndProject
Project("{FAE04EC0-301F-11D3-BF4B-00C04F79EFBC}") = "wBPM.UITests", "UITests\wBPM.UITests.csproj", "{FA6DC208-A0AE-4B37-B9A9-15B970980A60}"
EndProject
Project("{FAE04EC0-301F-11D3-BF4B-00C04F79EFBC}") = "wBPMWatchKitApp", "wBPMWatchKitApp\wBPMWatchKitApp.csproj", "{692762E6-7BFB-417F-9A68-99CF2C3FA526}"
EndProject
Project("{FAE04EC0-301F-11D3-BF4B-00C04F79EFBC}") = "wBPMWatchKitExtension", "wBPMWatchKitExtension\wBPMWatchKitExtension.csproj", "{C2CB21AC-3F7B-4078-A02B-C3EB94CA1AAD}"
EndProject
Project("{FAE04EC0-301F-11D3-BF4B-00C04F79EFBC}") = "BPM", "BPM\BPM.csproj", "{969B0688-699E-4284-89F6-CE49D68D8B56}"
EndProject
Global
	GlobalSection(SolutionConfigurationPlatforms) = preSolution
		Debug|iPhoneSimulator = Debug|iPhoneSimulator
		Release|iPhone = Release|iPhone
		Release|iPhoneSimulator = Release|iPhoneSimulator
		Debug|iPhone = Debug|iPhone
		Debug|Any CPU = Debug|Any CPU
		Release|Any CPU = Release|Any CPU
		Default|Any CPU = Default|Any CPU
	EndGlobalSection
	GlobalSection(ProjectConfigurationPlatforms) = postSolution
		{0F2904C0-53A9-46DC-A82E-845535A5EB57}.Debug|Any CPU.ActiveCfg = Debug|iPhoneSimulator
		{0F2904C0-53A9-46DC-A82E-845535A5EB57}.Debug|Any CPU.Build.0 = Debug|iPhoneSimulator
		{0F2904C0-53A9-46DC-A82E-845535A5EB57}.Debug|iPhone.ActiveCfg = Debug|iPhone
		{0F2904C0-53A9-46DC-A82E-845535A5EB57}.Debug|iPhone.Build.0 = Debug|iPhone
		{0F2904C0-53A9-46DC-A82E-845535A5EB57}.Debug|iPhoneSimulator.ActiveCfg = Debug|iPhoneSimulator
		{0F2904C0-53A9-46DC-A82E-845535A5EB57}.Debug|iPhoneSimulator.Build.0 = Debug|iPhoneSimulator
		{0F2904C0-53A9-46DC-A82E-845535A5EB57}.Default|Any CPU.ActiveCfg = Debug|iPhoneSimulator
		{0F2904C0-53A9-46DC-A82E-845535A5EB57}.Default|Any CPU.Build.0 = Debug|iPhoneSimulator
		{0F2904C0-53A9-46DC-A82E-845535A5EB57}.Release|Any CPU.ActiveCfg = Release|iPhone
		{0F2904C0-53A9-46DC-A82E-845535A5EB57}.Release|Any CPU.Build.0 = Release|iPhone
		{0F2904C0-53A9-46DC-A82E-845535A5EB57}.Release|iPhone.ActiveCfg = Release|iPhone
		{0F2904C0-53A9-46DC-A82E-845535A5EB57}.Release|iPhone.Build.0 = Release|iPhone
		{0F2904C0-53A9-46DC-A82E-845535A5EB57}.Release|iPhoneSimulator.ActiveCfg = Release|iPhoneSimulator
		{0F2904C0-53A9-46DC-A82E-845535A5EB57}.Release|iPhoneSimulator.Build.0 = Release|iPhoneSimulator
		{208EFEA9-CA34-4EC0-885E-B19CBEED2215}.Debug|Any CPU.ActiveCfg = Debug|Any CPU
		{208EFEA9-CA34-4EC0-885E-B19CBEED2215}.Debug|Any CPU.Build.0 = Debug|Any CPU
		{208EFEA9-CA34-4EC0-885E-B19CBEED2215}.Debug|iPhone.ActiveCfg = Debug|Any CPU
		{208EFEA9-CA34-4EC0-885E-B19CBEED2215}.Debug|iPhone.Build.0 = Debug|Any CPU
		{208EFEA9-CA34-4EC0-885E-B19CBEED2215}.Debug|iPhoneSimulator.ActiveCfg = Debug|Any CPU
		{208EFEA9-CA34-4EC0-885E-B19CBEED2215}.Debug|iPhoneSimulator.Build.0 = Debug|Any CPU
		{208EFEA9-CA34-4EC0-885E-B19CBEED2215}.Default|Any CPU.ActiveCfg = Debug|Any CPU
		{208EFEA9-CA34-4EC0-885E-B19CBEED2215}.Default|Any CPU.Build.0 = Debug|Any CPU
		{208EFEA9-CA34-4EC0-885E-B19CBEED2215}.Release|Any CPU.ActiveCfg = Release|Any CPU
		{208EFEA9-CA34-4EC0-885E-B19CBEED2215}.Release|Any CPU.Build.0 = Release|Any CPU
		{208EFEA9-CA34-4EC0-885E-B19CBEED2215}.Release|iPhone.ActiveCfg = Release|Any CPU
		{208EFEA9-CA34-4EC0-885E-B19CBEED2215}.Release|iPhone.Build.0 = Release|Any CPU
		{208EFEA9-CA34-4EC0-885E-B19CBEED2215}.Release|iPhoneSimulator.ActiveCfg = Release|Any CPU
		{208EFEA9-CA34-4EC0-885E-B19CBEED2215}.Release|iPhoneSimulator.Build.0 = Release|Any CPU
		{692762E6-7BFB-417F-9A68-99CF2C3FA526}.Debug|Any CPU.ActiveCfg = Debug|iPhoneSimulator
		{692762E6-7BFB-417F-9A68-99CF2C3FA526}.Debug|Any CPU.Build.0 = Debug|iPhoneSimulator
		{692762E6-7BFB-417F-9A68-99CF2C3FA526}.Debug|iPhone.ActiveCfg = Debug|iPhone
		{692762E6-7BFB-417F-9A68-99CF2C3FA526}.Debug|iPhone.Build.0 = Debug|iPhone
		{692762E6-7BFB-417F-9A68-99CF2C3FA526}.Debug|iPhoneSimulator.ActiveCfg = Debug|iPhoneSimulator
		{692762E6-7BFB-417F-9A68-99CF2C3FA526}.Debug|iPhoneSimulator.Build.0 = Debug|iPhoneSimulator
		{692762E6-7BFB-417F-9A68-99CF2C3FA526}.Default|Any CPU.ActiveCfg = Debug|iPhoneSimulator
		{692762E6-7BFB-417F-9A68-99CF2C3FA526}.Default|Any CPU.Build.0 = Debug|iPhoneSimulator
		{692762E6-7BFB-417F-9A68-99CF2C3FA526}.Release|Any CPU.ActiveCfg = Release|iPhone
		{692762E6-7BFB-417F-9A68-99CF2C3FA526}.Release|Any CPU.Build.0 = Release|iPhone
		{692762E6-7BFB-417F-9A68-99CF2C3FA526}.Release|iPhone.ActiveCfg = Release|iPhone
		{692762E6-7BFB-417F-9A68-99CF2C3FA526}.Release|iPhone.Build.0 = Release|iPhone
		{692762E6-7BFB-417F-9A68-99CF2C3FA526}.Release|iPhoneSimulator.ActiveCfg = Release|iPhoneSimulator
		{692762E6-7BFB-417F-9A68-99CF2C3FA526}.Release|iPhoneSimulator.Build.0 = Release|iPhoneSimulator
		{969B0688-699E-4284-89F6-CE49D68D8B56}.Debug|Any CPU.ActiveCfg = Debug|Any CPU
		{969B0688-699E-4284-89F6-CE49D68D8B56}.Debug|Any CPU.Build.0 = Debug|Any CPU
		{969B0688-699E-4284-89F6-CE49D68D8B56}.Debug|iPhone.ActiveCfg = Debug|Any CPU
		{969B0688-699E-4284-89F6-CE49D68D8B56}.Debug|iPhone.Build.0 = Debug|Any CPU
		{969B0688-699E-4284-89F6-CE49D68D8B56}.Debug|iPhoneSimulator.ActiveCfg = Debug|Any CPU
		{969B0688-699E-4284-89F6-CE49D68D8B56}.Debug|iPhoneSimulator.Build.0 = Debug|Any CPU
		{969B0688-699E-4284-89F6-CE49D68D8B56}.Default|Any CPU.ActiveCfg = Debug|Any CPU
		{969B0688-699E-4284-89F6-CE49D68D8B56}.Default|Any CPU.Build.0 = Debug|Any CPU
		{969B0688-699E-4284-89F6-CE49D68D8B56}.Release|Any CPU.ActiveCfg = Release|Any CPU
		{969B0688-699E-4284-89F6-CE49D68D8B56}.Release|Any CPU.Build.0 = Release|Any CPU
		{969B0688-699E-4284-89F6-CE49D68D8B56}.Release|iPhone.ActiveCfg = Release|Any CPU
		{969B0688-699E-4284-89F6-CE49D68D8B56}.Release|iPhone.Build.0 = Release|Any CPU
		{969B0688-699E-4284-89F6-CE49D68D8B56}.Release|iPhoneSimulator.ActiveCfg = Release|Any CPU
		{969B0688-699E-4284-89F6-CE49D68D8B56}.Release|iPhoneSimulator.Build.0 = Release|Any CPU
		{C2CB21AC-3F7B-4078-A02B-C3EB94CA1AAD}.Debug|Any CPU.ActiveCfg = Debug|iPhoneSimulator
		{C2CB21AC-3F7B-4078-A02B-C3EB94CA1AAD}.Debug|Any CPU.Build.0 = Debug|iPhoneSimulator
		{C2CB21AC-3F7B-4078-A02B-C3EB94CA1AAD}.Debug|iPhone.ActiveCfg = Debug|iPhone
		{C2CB21AC-3F7B-4078-A02B-C3EB94CA1AAD}.Debug|iPhone.Build.0 = Debug|iPhone
		{C2CB21AC-3F7B-4078-A02B-C3EB94CA1AAD}.Debug|iPhoneSimulator.ActiveCfg = Debug|iPhoneSimulator
		{C2CB21AC-3F7B-4078-A02B-C3EB94CA1AAD}.Debug|iPhoneSimulator.Build.0 = Debug|iPhoneSimulator
		{C2CB21AC-3F7B-4078-A02B-C3EB94CA1AAD}.Default|Any CPU.ActiveCfg = Debug|iPhoneSimulator
		{C2CB21AC-3F7B-4078-A02B-C3EB94CA1AAD}.Default|Any CPU.Build.0 = Debug|iPhoneSimulator
		{C2CB21AC-3F7B-4078-A02B-C3EB94CA1AAD}.Release|Any CPU.ActiveCfg = Release|iPhone
		{C2CB21AC-3F7B-4078-A02B-C3EB94CA1AAD}.Release|Any CPU.Build.0 = Release|iPhone
		{C2CB21AC-3F7B-4078-A02B-C3EB94CA1AAD}.Release|iPhone.ActiveCfg = Release|iPhone
		{C2CB21AC-3F7B-4078-A02B-C3EB94CA1AAD}.Release|iPhone.Build.0 = Release|iPhone
		{C2CB21AC-3F7B-4078-A02B-C3EB94CA1AAD}.Release|iPhoneSimulator.ActiveCfg = Release|iPhoneSimulator
		{C2CB21AC-3F7B-4078-A02B-C3EB94CA1AAD}.Release|iPhoneSimulator.Build.0 = Release|iPhoneSimulator
		{FA6DC208-A0AE-4B37-B9A9-15B970980A60}.Debug|Any CPU.ActiveCfg = Debug|Any CPU
		{FA6DC208-A0AE-4B37-B9A9-15B970980A60}.Debug|Any CPU.Build.0 = Debug|Any CPU
		{FA6DC208-A0AE-4B37-B9A9-15B970980A60}.Debug|iPhone.ActiveCfg = Debug|Any CPU
		{FA6DC208-A0AE-4B37-B9A9-15B970980A60}.Debug|iPhone.Build.0 = Debug|Any CPU
		{FA6DC208-A0AE-4B37-B9A9-15B970980A60}.Debug|iPhoneSimulator.ActiveCfg = Debug|Any CPU
		{FA6DC208-A0AE-4B37-B9A9-15B970980A60}.Debug|iPhoneSimulator.Build.0 = Debug|Any CPU
		{FA6DC208-A0AE-4B37-B9A9-15B970980A60}.Default|Any CPU.ActiveCfg = Debug|Any CPU
		{FA6DC208-A0AE-4B37-B9A9-15B970980A60}.Default|Any CPU.Build.0 = Debug|Any CPU
		{FA6DC208-A0AE-4B37-B9A9-15B970980A60}.Release|Any CPU.ActiveCfg = Release|Any CPU
		{FA6DC208-A0AE-4B37-B9A9-15B970980A60}.Release|Any CPU.Build.0 = Release|Any CPU
		{FA6DC208-A0AE-4B37-B9A9-15B970980A60}.Release|iPhone.ActiveCfg = Release|Any CPU
		{FA6DC208-A0AE-4B37-B9A9-15B970980A60}.Release|iPhone.Build.0 = Release|Any CPU
		{FA6DC208-A0AE-4B37-B9A9-15B970980A60}.Release|iPhoneSimulator.ActiveCfg = Release|Any CPU
		{FA6DC208-A0AE-4B37-B9A9-15B970980A60}.Release|iPhoneSimulator.Build.0 = Release|Any CPU
	EndGlobalSection
EndGlobal
